
Microsoft Visual Studio Solution File, Format Version 12.00
# Visual Studio Version 16
VisualStudioVersion = 16.0.31727.386
MinimumVisualStudioVersion = 10.0.40219.1
Project("{2150E333-8FDC-42A3-9474-1A3956D46DE8}") = "Common", "Common", "{50902CD4-F748-468A-B0A5-54DBB6547436}"
EndProject
Project("{9A19103F-16F7-4668-BE54-9A1E7A4F7556}") = "Pinokio.Core", "Common\Pinokio.Core\Pinokio.Core.csproj", "{D57D1DF4-3943-421A-8142-6B93F977F7E4}"
EndProject
Project("{2150E333-8FDC-42A3-9474-1A3956D46DE8}") = "Connection", "Connection", "{A4B664A9-33CE-46B4-8F9E-1CBCE9985FB9}"
EndProject
Project("{2150E333-8FDC-42A3-9474-1A3956D46DE8}") = "Map", "Map", "{B37B5196-C84C-4CC0-A171-DF9D1177E631}"
EndProject
Project("{2150E333-8FDC-42A3-9474-1A3956D46DE8}") = "Simulation", "Simulation", "{1D392F5D-413F-4D92-AE65-CF43B93099D7}"
EndProject
Project("{2150E333-8FDC-42A3-9474-1A3956D46DE8}") = "UI", "UI", "{BEB0B814-7AF8-48D4-A303-0267134B567A}"
EndProject
Project("{9A19103F-16F7-4668-BE54-9A1E7A4F7556}") = "Pinokio.Database", "Connection\Pinokio.Database\Pinokio.Database.csproj", "{AE1B6FF2-0169-4CDD-8C64-54F73E649491}"
EndProject
Project("{9A19103F-16F7-4668-BE54-9A1E7A4F7556}") = "Pinokio.Socket", "Connection\Pinokio.Socket\Pinokio.Socket.csproj", "{B498DDDE-72C5-4F4E-B7FA-1CBCDB751D9D}"
EndProject
Project("{2150E333-8FDC-42A3-9474-1A3956D46DE8}") = "Site", "Site", "{20FDFAA9-F670-40AC-8CFD-C86C4D1EC78C}"
EndProject
Project("{9A19103F-16F7-4668-BE54-9A1E7A4F7556}") = "Pinokio.Map", "Map\Pinokio.Map\Pinokio.Map.csproj", "{647A4B9E-A5CF-42A1-B613-314CDD8A8643}"
EndProject
Project("{9A19103F-16F7-4668-BE54-9A1E7A4F7556}") = "Pinokio.Simulation", "Simulation\Pinokio.Simulation\Pinokio.Simulation.csproj", "{15F1CAE6-F7AB-4D6B-929E-3C957FE875E8}"
EndProject
Project("{9A19103F-16F7-4668-BE54-9A1E7A4F7556}") = "Pinokio.Simulation.Cont", "Simulation\Pinokio.Simulation.Cont\Pinokio.Simulation.Cont.csproj", "{0DFE047B-5254-4C1C-935A-24DC3E56E03C}"
EndProject
Project("{FAE04EC0-301F-11D3-BF4B-00C04F79EFBC}") = "Pinokio._3D.Eyeshot", "UI\Pinokio._3D.Eyeshot\Pinokio._3D.Eyeshot.csproj", "{96E85EB9-3294-4EDD-A504-6784A4DA66C1}"
EndProject
Project("{9A19103F-16F7-4668-BE54-9A1E7A4F7556}") = "Pinokio.Log4Net", "Common\Pinokio.Log4Net\Pinokio.Log4Net.csproj", "{A7D77167-627A-48F9-BD14-BDC172370D40}"
EndProject
Project("{9A19103F-16F7-4668-BE54-9A1E7A4F7556}") = "Pinokio.Map.LG", "Map\Site\Pinokio.Map.LG\Pinokio.Map.LG.csproj", "{7074378E-6E27-4FC6-A54E-3DF018D7D3A3}"
EndProject
Project("{9A19103F-16F7-4668-BE54-9A1E7A4F7556}") = "Pinokio.Map.LG.Poland", "Map\Site\Pinokio.Map.LG.Poland\Pinokio.Map.LG.Poland.csproj", "{5046F035-DF50-4680-B181-08D2FA0A7028}"
EndProject
Project("{9A19103F-16F7-4668-BE54-9A1E7A4F7556}") = "Pinokio.Map.LG.Tennessee", "Map\Site\Pinokio.Map.LG.Tennessee\Pinokio.Map.LG.Tennessee.csproj", "{B0C09CC2-B8B0-4DB6-B5CC-762F38B0B521}"
EndProject
Project("{9A19103F-16F7-4668-BE54-9A1E7A4F7556}") = "Pinokio.Map.LG.TP", "Map\Site\Pinokio.Map.LG.TP\Pinokio.Map.LG.TP.csproj", "{BB1E217C-3CF7-4CCA-AC83-846E94A2B516}"
EndProject
Project("{9A19103F-16F7-4668-BE54-9A1E7A4F7556}") = "Pinokio.Map.Mns", "Map\Site\Pinokio.Map.Mns\Pinokio.Map.Mns.csproj", "{22629A1B-2172-400D-AAB9-09520AF5B4FD}"
EndProject
Project("{9A19103F-16F7-4668-BE54-9A1E7A4F7556}") = "Pinokio.GRPC.Client", "Connection\Pinokio.GRPC.Client\Pinokio.GRPC.Client.csproj", "{2F75D186-8F47-4518-BE4E-9FCC5A7BED02}"
EndProject
Project("{9A19103F-16F7-4668-BE54-9A1E7A4F7556}") = "Pinokio.GRPC.Server", "Connection\Pinokio.GRPC.Server\Pinokio.GRPC.Server.csproj", "{9496C852-BF04-4D19-A880-1D2B242C2BBC}"
EndProject
Project("{FAE04EC0-301F-11D3-BF4B-00C04F79EFBC}") = "Pinokio.UserControls", "UI\Pinokio.UserControls\Pinokio.UserControls.csproj", "{A58F7688-D455-492D-BBB4-4E863B49C569}"
EndProject
Project("{9A19103F-16F7-4668-BE54-9A1E7A4F7556}") = "Pinokio.Map.LG.PS", "Map\Site\Pinokio.Map.LG.PS\Pinokio.Map.LG.PS.csproj", "{0A185668-453D-4FE6-9ECF-AFAAF0090514}"
EndProject
Project("{9A19103F-16F7-4668-BE54-9A1E7A4F7556}") = "Pinokio._3D", "UI\Pinokio._3D\Pinokio._3D.csproj", "{F1116437-2A42-43A3-A908-A7DF6CD7D360}"
EndProject
Global
	GlobalSection(SolutionConfigurationPlatforms) = preSolution
		Debug|Any CPU = Debug|Any CPU
		Debug|x64 = Debug|x64
		Release|Any CPU = Release|Any CPU
		Release|x64 = Release|x64
	EndGlobalSection
	GlobalSection(ProjectConfigurationPlatforms) = postSolution
		{D57D1DF4-3943-421A-8142-6B93F977F7E4}.Debug|Any CPU.ActiveCfg = Debug|Any CPU
		{D57D1DF4-3943-421A-8142-6B93F977F7E4}.Debug|Any CPU.Build.0 = Debug|Any CPU
		{D57D1DF4-3943-421A-8142-6B93F977F7E4}.Debug|x64.ActiveCfg = Debug|Any CPU
		{D57D1DF4-3943-421A-8142-6B93F977F7E4}.Debug|x64.Build.0 = Debug|Any CPU
		{D57D1DF4-3943-421A-8142-6B93F977F7E4}.Release|Any CPU.ActiveCfg = Release|Any CPU
		{D57D1DF4-3943-421A-8142-6B93F977F7E4}.Release|Any CPU.Build.0 = Release|Any CPU
		{D57D1DF4-3943-421A-8142-6B93F977F7E4}.Release|x64.ActiveCfg = Release|Any CPU
		{D57D1DF4-3943-421A-8142-6B93F977F7E4}.Release|x64.Build.0 = Release|Any CPU
		{AE1B6FF2-0169-4CDD-8C64-54F73E649491}.Debug|Any CPU.ActiveCfg = Debug|Any CPU
		{AE1B6FF2-0169-4CDD-8C64-54F73E649491}.Debug|Any CPU.Build.0 = Debug|Any CPU
		{AE1B6FF2-0169-4CDD-8C64-54F73E649491}.Debug|x64.ActiveCfg = Debug|Any CPU
		{AE1B6FF2-0169-4CDD-8C64-54F73E649491}.Debug|x64.Build.0 = Debug|Any CPU
		{AE1B6FF2-0169-4CDD-8C64-54F73E649491}.Release|Any CPU.ActiveCfg = Release|Any CPU
		{AE1B6FF2-0169-4CDD-8C64-54F73E649491}.Release|Any CPU.Build.0 = Release|Any CPU
		{AE1B6FF2-0169-4CDD-8C64-54F73E649491}.Release|x64.ActiveCfg = Release|Any CPU
		{AE1B6FF2-0169-4CDD-8C64-54F73E649491}.Release|x64.Build.0 = Release|Any CPU
		{B498DDDE-72C5-4F4E-B7FA-1CBCDB751D9D}.Debug|Any CPU.ActiveCfg = Debug|Any CPU
		{B498DDDE-72C5-4F4E-B7FA-1CBCDB751D9D}.Debug|Any CPU.Build.0 = Debug|Any CPU
		{B498DDDE-72C5-4F4E-B7FA-1CBCDB751D9D}.Debug|x64.ActiveCfg = Debug|Any CPU
		{B498DDDE-72C5-4F4E-B7FA-1CBCDB751D9D}.Debug|x64.Build.0 = Debug|Any CPU
		{B498DDDE-72C5-4F4E-B7FA-1CBCDB751D9D}.Release|Any CPU.ActiveCfg = Release|Any CPU
		{B498DDDE-72C5-4F4E-B7FA-1CBCDB751D9D}.Release|Any CPU.Build.0 = Release|Any CPU
		{B498DDDE-72C5-4F4E-B7FA-1CBCDB751D9D}.Release|x64.ActiveCfg = Release|Any CPU
		{B498DDDE-72C5-4F4E-B7FA-1CBCDB751D9D}.Release|x64.Build.0 = Release|Any CPU
		{647A4B9E-A5CF-42A1-B613-314CDD8A8643}.Debug|Any CPU.ActiveCfg = Debug|Any CPU
		{647A4B9E-A5CF-42A1-B613-314CDD8A8643}.Debug|Any CPU.Build.0 = Debug|Any CPU
		{647A4B9E-A5CF-42A1-B613-314CDD8A8643}.Debug|x64.ActiveCfg = Debug|Any CPU
		{647A4B9E-A5CF-42A1-B613-314CDD8A8643}.Debug|x64.Build.0 = Debug|Any CPU
		{647A4B9E-A5CF-42A1-B613-314CDD8A8643}.Release|Any CPU.ActiveCfg = Release|Any CPU
		{647A4B9E-A5CF-42A1-B613-314CDD8A8643}.Release|Any CPU.Build.0 = Release|Any CPU
		{647A4B9E-A5CF-42A1-B613-314CDD8A8643}.Release|x64.ActiveCfg = Release|Any CPU
		{647A4B9E-A5CF-42A1-B613-314CDD8A8643}.Release|x64.Build.0 = Release|Any CPU
		{15F1CAE6-F7AB-4D6B-929E-3C957FE875E8}.Debug|Any CPU.ActiveCfg = Debug|Any CPU
		{15F1CAE6-F7AB-4D6B-929E-3C957FE875E8}.Debug|Any CPU.Build.0 = Debug|Any CPU
		{15F1CAE6-F7AB-4D6B-929E-3C957FE875E8}.Debug|x64.ActiveCfg = Debug|Any CPU
		{15F1CAE6-F7AB-4D6B-929E-3C957FE875E8}.Debug|x64.Build.0 = Debug|Any CPU
		{15F1CAE6-F7AB-4D6B-929E-3C957FE875E8}.Release|Any CPU.ActiveCfg = Release|Any CPU
		{15F1CAE6-F7AB-4D6B-929E-3C957FE875E8}.Release|Any CPU.Build.0 = Release|Any CPU
		{15F1CAE6-F7AB-4D6B-929E-3C957FE875E8}.Release|x64.ActiveCfg = Release|Any CPU
		{15F1CAE6-F7AB-4D6B-929E-3C957FE875E8}.Release|x64.Build.0 = Release|Any CPU
		{0DFE047B-5254-4C1C-935A-24DC3E56E03C}.Debug|Any CPU.ActiveCfg = Debug|Any CPU
		{0DFE047B-5254-4C1C-935A-24DC3E56E03C}.Debug|Any CPU.Build.0 = Debug|Any CPU
		{0DFE047B-5254-4C1C-935A-24DC3E56E03C}.Debug|x64.ActiveCfg = Debug|Any CPU
		{0DFE047B-5254-4C1C-935A-24DC3E56E03C}.Debug|x64.Build.0 = Debug|Any CPU
		{0DFE047B-5254-4C1C-935A-24DC3E56E03C}.Release|Any CPU.ActiveCfg = Release|Any CPU
		{0DFE047B-5254-4C1C-935A-24DC3E56E03C}.Release|Any CPU.Build.0 = Release|Any CPU
		{0DFE047B-5254-4C1C-935A-24DC3E56E03C}.Release|x64.ActiveCfg = Release|Any CPU
		{0DFE047B-5254-4C1C-935A-24DC3E56E03C}.Release|x64.Build.0 = Release|Any CPU
		{96E85EB9-3294-4EDD-A504-6784A4DA66C1}.Debug|Any CPU.ActiveCfg = Debug|Any CPU
		{96E85EB9-3294-4EDD-A504-6784A4DA66C1}.Debug|Any CPU.Build.0 = Debug|Any CPU
		{96E85EB9-3294-4EDD-A504-6784A4DA66C1}.Debug|x64.ActiveCfg = Debug|Any CPU
		{96E85EB9-3294-4EDD-A504-6784A4DA66C1}.Debug|x64.Build.0 = Debug|Any CPU
		{96E85EB9-3294-4EDD-A504-6784A4DA66C1}.Release|Any CPU.ActiveCfg = Release|Any CPU
		{96E85EB9-3294-4EDD-A504-6784A4DA66C1}.Release|Any CPU.Build.0 = Release|Any CPU
		{96E85EB9-3294-4EDD-A504-6784A4DA66C1}.Release|x64.ActiveCfg = Release|Any CPU
		{96E85EB9-3294-4EDD-A504-6784A4DA66C1}.Release|x64.Build.0 = Release|Any CPU
		{A7D77167-627A-48F9-BD14-BDC172370D40}.Debug|Any CPU.ActiveCfg = Debug|Any CPU
		{A7D77167-627A-48F9-BD14-BDC172370D40}.Debug|Any CPU.Build.0 = Debug|Any CPU
		{A7D77167-627A-48F9-BD14-BDC172370D40}.Debug|x64.ActiveCfg = Debug|Any CPU
		{A7D77167-627A-48F9-BD14-BDC172370D40}.Debug|x64.Build.0 = Debug|Any CPU
		{A7D77167-627A-48F9-BD14-BDC172370D40}.Release|Any CPU.ActiveCfg = Release|Any CPU
		{A7D77167-627A-48F9-BD14-BDC172370D40}.Release|Any CPU.Build.0 = Release|Any CPU
		{A7D77167-627A-48F9-BD14-BDC172370D40}.Release|x64.ActiveCfg = Release|Any CPU
		{A7D77167-627A-48F9-BD14-BDC172370D40}.Release|x64.Build.0 = Release|Any CPU
		{7074378E-6E27-4FC6-A54E-3DF018D7D3A3}.Debug|Any CPU.ActiveCfg = Debug|Any CPU
		{7074378E-6E27-4FC6-A54E-3DF018D7D3A3}.Debug|Any CPU.Build.0 = Debug|Any CPU
		{7074378E-6E27-4FC6-A54E-3DF018D7D3A3}.Debug|x64.ActiveCfg = Debug|Any CPU
		{7074378E-6E27-4FC6-A54E-3DF018D7D3A3}.Debug|x64.Build.0 = Debug|Any CPU
		{7074378E-6E27-4FC6-A54E-3DF018D7D3A3}.Release|Any CPU.ActiveCfg = Release|Any CPU
		{7074378E-6E27-4FC6-A54E-3DF018D7D3A3}.Release|Any CPU.Build.0 = Release|Any CPU
		{7074378E-6E27-4FC6-A54E-3DF018D7D3A3}.Release|x64.ActiveCfg = Release|Any CPU
		{7074378E-6E27-4FC6-A54E-3DF018D7D3A3}.Release|x64.Build.0 = Release|Any CPU
		{5046F035-DF50-4680-B181-08D2FA0A7028}.Debug|Any CPU.ActiveCfg = Debug|Any CPU
		{5046F035-DF50-4680-B181-08D2FA0A7028}.Debug|Any CPU.Build.0 = Debug|Any CPU
		{5046F035-DF50-4680-B181-08D2FA0A7028}.Debug|x64.ActiveCfg = Debug|Any CPU
		{5046F035-DF50-4680-B181-08D2FA0A7028}.Debug|x64.Build.0 = Debug|Any CPU
		{5046F035-DF50-4680-B181-08D2FA0A7028}.Release|Any CPU.ActiveCfg = Release|Any CPU
		{5046F035-DF50-4680-B181-08D2FA0A7028}.Release|Any CPU.Build.0 = Release|Any CPU
		{5046F035-DF50-4680-B181-08D2FA0A7028}.Release|x64.ActiveCfg = Release|Any CPU
		{5046F035-DF50-4680-B181-08D2FA0A7028}.Release|x64.Build.0 = Release|Any CPU
		{B0C09CC2-B8B0-4DB6-B5CC-762F38B0B521}.Debug|Any CPU.ActiveCfg = Debug|Any CPU
		{B0C09CC2-B8B0-4DB6-B5CC-762F38B0B521}.Debug|Any CPU.Build.0 = Debug|Any CPU
		{B0C09CC2-B8B0-4DB6-B5CC-762F38B0B521}.Debug|x64.ActiveCfg = Debug|Any CPU
		{B0C09CC2-B8B0-4DB6-B5CC-762F38B0B521}.Debug|x64.Build.0 = Debug|Any CPU
		{B0C09CC2-B8B0-4DB6-B5CC-762F38B0B521}.Release|Any CPU.ActiveCfg = Release|Any CPU
		{B0C09CC2-B8B0-4DB6-B5CC-762F38B0B521}.Release|Any CPU.Build.0 = Release|Any CPU
		{B0C09CC2-B8B0-4DB6-B5CC-762F38B0B521}.Release|x64.ActiveCfg = Release|Any CPU
		{B0C09CC2-B8B0-4DB6-B5CC-762F38B0B521}.Release|x64.Build.0 = Release|Any CPU
		{BB1E217C-3CF7-4CCA-AC83-846E94A2B516}.Debug|Any CPU.ActiveCfg = Debug|Any CPU
		{BB1E217C-3CF7-4CCA-AC83-846E94A2B516}.Debug|Any CPU.Build.0 = Debug|Any CPU
		{BB1E217C-3CF7-4CCA-AC83-846E94A2B516}.Debug|x64.ActiveCfg = Debug|Any CPU
		{BB1E217C-3CF7-4CCA-AC83-846E94A2B516}.Debug|x64.Build.0 = Debug|Any CPU
		{BB1E217C-3CF7-4CCA-AC83-846E94A2B516}.Release|Any CPU.ActiveCfg = Release|Any CPU
		{BB1E217C-3CF7-4CCA-AC83-846E94A2B516}.Release|Any CPU.Build.0 = Release|Any CPU
		{BB1E217C-3CF7-4CCA-AC83-846E94A2B516}.Release|x64.ActiveCfg = Release|Any CPU
		{BB1E217C-3CF7-4CCA-AC83-846E94A2B516}.Release|x64.Build.0 = Release|Any CPU
		{22629A1B-2172-400D-AAB9-09520AF5B4FD}.Debug|Any CPU.ActiveCfg = Debug|Any CPU
		{22629A1B-2172-400D-AAB9-09520AF5B4FD}.Debug|Any CPU.Build.0 = Debug|Any CPU
		{22629A1B-2172-400D-AAB9-09520AF5B4FD}.Debug|x64.ActiveCfg = Debug|Any CPU
		{22629A1B-2172-400D-AAB9-09520AF5B4FD}.Debug|x64.Build.0 = Debug|Any CPU
		{22629A1B-2172-400D-AAB9-09520AF5B4FD}.Release|Any CPU.ActiveCfg = Release|Any CPU
		{22629A1B-2172-400D-AAB9-09520AF5B4FD}.Release|Any CPU.Build.0 = Release|Any CPU
		{22629A1B-2172-400D-AAB9-09520AF5B4FD}.Release|x64.ActiveCfg = Release|Any CPU
		{22629A1B-2172-400D-AAB9-09520AF5B4FD}.Release|x64.Build.0 = Release|Any CPU
		{2F75D186-8F47-4518-BE4E-9FCC5A7BED02}.Debug|Any CPU.ActiveCfg = Debug|Any CPU
		{2F75D186-8F47-4518-BE4E-9FCC5A7BED02}.Debug|Any CPU.Build.0 = Debug|Any CPU
		{2F75D186-8F47-4518-BE4E-9FCC5A7BED02}.Debug|x64.ActiveCfg = Debug|x64
		{2F75D186-8F47-4518-BE4E-9FCC5A7BED02}.Debug|x64.Build.0 = Debug|x64
		{2F75D186-8F47-4518-BE4E-9FCC5A7BED02}.Release|Any CPU.ActiveCfg = Release|Any CPU
		{2F75D186-8F47-4518-BE4E-9FCC5A7BED02}.Release|Any CPU.Build.0 = Release|Any CPU
		{2F75D186-8F47-4518-BE4E-9FCC5A7BED02}.Release|x64.ActiveCfg = Release|x64
		{2F75D186-8F47-4518-BE4E-9FCC5A7BED02}.Release|x64.Build.0 = Release|x64
		{9496C852-BF04-4D19-A880-1D2B242C2BBC}.Debug|Any CPU.ActiveCfg = Debug|Any CPU
		{9496C852-BF04-4D19-A880-1D2B242C2BBC}.Debug|Any CPU.Build.0 = Debug|Any CPU
		{9496C852-BF04-4D19-A880-1D2B242C2BBC}.Debug|x64.ActiveCfg = Debug|Any CPU
		{9496C852-BF04-4D19-A880-1D2B242C2BBC}.Debug|x64.Build.0 = Debug|Any CPU
		{9496C852-BF04-4D19-A880-1D2B242C2BBC}.Release|Any CPU.ActiveCfg = Release|Any CPU
		{9496C852-BF04-4D19-A880-1D2B242C2BBC}.Release|Any CPU.Build.0 = Release|Any CPU
		{9496C852-BF04-4D19-A880-1D2B242C2BBC}.Release|x64.ActiveCfg = Release|Any CPU
		{9496C852-BF04-4D19-A880-1D2B242C2BBC}.Release|x64.Build.0 = Release|Any CPU
		{A58F7688-D455-492D-BBB4-4E863B49C569}.Debug|Any CPU.ActiveCfg = Debug|Any CPU
		{A58F7688-D455-492D-BBB4-4E863B49C569}.Debug|Any CPU.Build.0 = Debug|Any CPU
		{A58F7688-D455-492D-BBB4-4E863B49C569}.Debug|x64.ActiveCfg = Debug|Any CPU
		{A58F7688-D455-492D-BBB4-4E863B49C569}.Debug|x64.Build.0 = Debug|Any CPU
		{A58F7688-D455-492D-BBB4-4E863B49C569}.Release|Any CPU.ActiveCfg = Release|Any CPU
		{A58F7688-D455-492D-BBB4-4E863B49C569}.Release|Any CPU.Build.0 = Release|Any CPU
		{A58F7688-D455-492D-BBB4-4E863B49C569}.Release|x64.ActiveCfg = Release|Any CPU
		{A58F7688-D455-492D-BBB4-4E863B49C569}.Release|x64.Build.0 = Release|Any CPU
		{0A185668-453D-4FE6-9ECF-AFAAF0090514}.Debug|Any CPU.ActiveCfg = Debug|Any CPU
		{0A185668-453D-4FE6-9ECF-AFAAF0090514}.Debug|Any CPU.Build.0 = Debug|Any CPU
		{0A185668-453D-4FE6-9ECF-AFAAF0090514}.Debug|x64.ActiveCfg = Debug|Any CPU
		{0A185668-453D-4FE6-9ECF-AFAAF0090514}.Debug|x64.Build.0 = Debug|Any CPU
		{0A185668-453D-4FE6-9ECF-AFAAF0090514}.Release|Any CPU.ActiveCfg = Release|Any CPU
		{0A185668-453D-4FE6-9ECF-AFAAF0090514}.Release|Any CPU.Build.0 = Release|Any CPU
		{0A185668-453D-4FE6-9ECF-AFAAF0090514}.Release|x64.ActiveCfg = Release|Any CPU
		{0A185668-453D-4FE6-9ECF-AFAAF0090514}.Release|x64.Build.0 = Release|Any CPU
		{F1116437-2A42-43A3-A908-A7DF6CD7D360}.Debug|Any CPU.ActiveCfg = Debug|Any CPU
		{F1116437-2A42-43A3-A908-A7DF6CD7D360}.Debug|Any CPU.Build.0 = Debug|Any CPU
		{F1116437-2A42-43A3-A908-A7DF6CD7D360}.Debug|x64.ActiveCfg = Debug|x64
		{F1116437-2A42-43A3-A908-A7DF6CD7D360}.Debug|x64.Build.0 = Debug|x64
		{F1116437-2A42-43A3-A908-A7DF6CD7D360}.Release|Any CPU.ActiveCfg = Release|Any CPU
		{F1116437-2A42-43A3-A908-A7DF6CD7D360}.Release|Any CPU.Build.0 = Release|Any CPU
		{F1116437-2A42-43A3-A908-A7DF6CD7D360}.Release|x64.ActiveCfg = Release|x64
		{F1116437-2A42-43A3-A908-A7DF6CD7D360}.Release|x64.Build.0 = Release|x64
	EndGlobalSection
	GlobalSection(SolutionProperties) = preSolution
		HideSolutionNode = FALSE
	EndGlobalSection
	GlobalSection(NestedProjects) = preSolution
		{D57D1DF4-3943-421A-8142-6B93F977F7E4} = {50902CD4-F748-468A-B0A5-54DBB6547436}
		{AE1B6FF2-0169-4CDD-8C64-54F73E649491} = {A4B664A9-33CE-46B4-8F9E-1CBCE9985FB9}
		{B498DDDE-72C5-4F4E-B7FA-1CBCDB751D9D} = {A4B664A9-33CE-46B4-8F9E-1CBCE9985FB9}
		{20FDFAA9-F670-40AC-8CFD-C86C4D1EC78C} = {B37B5196-C84C-4CC0-A171-DF9D1177E631}
		{647A4B9E-A5CF-42A1-B613-314CDD8A8643} = {B37B5196-C84C-4CC0-A171-DF9D1177E631}
		{15F1CAE6-F7AB-4D6B-929E-3C957FE875E8} = {1D392F5D-413F-4D92-AE65-CF43B93099D7}
		{0DFE047B-5254-4C1C-935A-24DC3E56E03C} = {1D392F5D-413F-4D92-AE65-CF43B93099D7}
		{96E85EB9-3294-4EDD-A504-6784A4DA66C1} = {BEB0B814-7AF8-48D4-A303-0267134B567A}
		{A7D77167-627A-48F9-BD14-BDC172370D40} = {50902CD4-F748-468A-B0A5-54DBB6547436}
		{7074378E-6E27-4FC6-A54E-3DF018D7D3A3} = {20FDFAA9-F670-40AC-8CFD-C86C4D1EC78C}
		{5046F035-DF50-4680-B181-08D2FA0A7028} = {20FDFAA9-F670-40AC-8CFD-C86C4D1EC78C}
		{B0C09CC2-B8B0-4DB6-B5CC-762F38B0B521} = {20FDFAA9-F670-40AC-8CFD-C86C4D1EC78C}
		{BB1E217C-3CF7-4CCA-AC83-846E94A2B516} = {20FDFAA9-F670-40AC-8CFD-C86C4D1EC78C}
		{22629A1B-2172-400D-AAB9-09520AF5B4FD} = {20FDFAA9-F670-40AC-8CFD-C86C4D1EC78C}
		{2F75D186-8F47-4518-BE4E-9FCC5A7BED02} = {A4B664A9-33CE-46B4-8F9E-1CBCE9985FB9}
		{9496C852-BF04-4D19-A880-1D2B242C2BBC} = {A4B664A9-33CE-46B4-8F9E-1CBCE9985FB9}
		{A58F7688-D455-492D-BBB4-4E863B49C569} = {BEB0B814-7AF8-48D4-A303-0267134B567A}
		{0A185668-453D-4FE6-9ECF-AFAAF0090514} = {20FDFAA9-F670-40AC-8CFD-C86C4D1EC78C}
		{F1116437-2A42-43A3-A908-A7DF6CD7D360} = {BEB0B814-7AF8-48D4-A303-0267134B567A}
	EndGlobalSection
	GlobalSection(ExtensibilityGlobals) = postSolution
		SolutionGuid = {7475500C-C8D7-4F60-A5BA-FF31A54EE7A9}
	EndGlobalSection
EndGlobal
